// !$*UTF8*$!
{
	archiveVersion = 1;
	classes = {
	};
	objectVersion = 56;
	objects = {

/* Begin PBXBuildFile section */
		764B87CCF5A2B1A4992804A8 /* Pods_walkbookTests.framework in Frameworks */ = {isa = PBXBuildFile; fileRef = EC13EAB5D44FDEBAFC79E44B /* Pods_walkbookTests.framework */; };
		7919EFD478249808D7325019 /* Pods_walkbook.framework in Frameworks */ = {isa = PBXBuildFile; fileRef = 3D072BD26E8EA27B5E28F784 /* Pods_walkbook.framework */; };
		9D20C5682C40CFEF008AB5EE /* walkbookUITestsLaunchTests.swift in Sources */ = {isa = PBXBuildFile; fileRef = 9D20C5672C40CFEF008AB5EE /* walkbookUITestsLaunchTests.swift */; };
		9D20C5852C424F64008AB5EE /* AppDIContainer.swift in Sources */ = {isa = PBXBuildFile; fileRef = 9D20C5842C424F64008AB5EE /* AppDIContainer.swift */; };
		9D20C5872C425270008AB5EE /* AppFlowCoordinator.swift in Sources */ = {isa = PBXBuildFile; fileRef = 9D20C5862C425270008AB5EE /* AppFlowCoordinator.swift */; };
		9D20C58E2C42698E008AB5EE /* AuthenticationViewController.swift in Sources */ = {isa = PBXBuildFile; fileRef = 9D20C58D2C42698E008AB5EE /* AuthenticationViewController.swift */; };
		9D20C5912C426BC1008AB5EE /* AuthenticationFlowCoordinator.swift in Sources */ = {isa = PBXBuildFile; fileRef = 9D20C5902C426BC1008AB5EE /* AuthenticationFlowCoordinator.swift */; };
		9D35C5B72C3ECB0B004586C2 /* AppDelegate.swift in Sources */ = {isa = PBXBuildFile; fileRef = 9D35C5B62C3ECB0B004586C2 /* AppDelegate.swift */; };
		9D35C5B92C3ECB0B004586C2 /* SceneDelegate.swift in Sources */ = {isa = PBXBuildFile; fileRef = 9D35C5B82C3ECB0B004586C2 /* SceneDelegate.swift */; };
		9D35C5C02C3ECB17004586C2 /* Assets.xcassets in Resources */ = {isa = PBXBuildFile; fileRef = 9D35C5BF2C3ECB17004586C2 /* Assets.xcassets */; };
		9D35C5C32C3ECB17004586C2 /* LaunchScreen.storyboard in Resources */ = {isa = PBXBuildFile; fileRef = 9D35C5C12C3ECB17004586C2 /* LaunchScreen.storyboard */; };
		9D35C5CF2C3FCE62004586C2 /* .gitignore in Resources */ = {isa = PBXBuildFile; fileRef = 9D35C5CE2C3FCE62004586C2 /* .gitignore */; };
		9D4714502C4FE99C00129134 /* GoogleService-Info.plist in Resources */ = {isa = PBXBuildFile; fileRef = 9D47144F2C4FE99C00129134 /* GoogleService-Info.plist */; };
		9D9DBC142C42D0B400127B06 /* ChooseLoginView.swift in Sources */ = {isa = PBXBuildFile; fileRef = 9D9DBC132C42D0B400127B06 /* ChooseLoginView.swift */; };
		9D9DBC162C42D48100127B06 /* AuthenticationVCUITest.swift in Sources */ = {isa = PBXBuildFile; fileRef = 9D9DBC152C42D48100127B06 /* AuthenticationVCUITest.swift */; };
		9D9DBC182C4367CB00127B06 /* LaunchSceneUITest.swift in Sources */ = {isa = PBXBuildFile; fileRef = 9D9DBC172C4367CB00127B06 /* LaunchSceneUITest.swift */; };
		9D9DBC1A2C440C0D00127B06 /* SignInView.swift in Sources */ = {isa = PBXBuildFile; fileRef = 9D9DBC192C440C0D00127B06 /* SignInView.swift */; };
		9D9DBC1C2C44121E00127B06 /* SignUpView.swift in Sources */ = {isa = PBXBuildFile; fileRef = 9D9DBC1B2C44121E00127B06 /* SignUpView.swift */; };
		9D9DBC212C44170900127B06 /* GoogleSignInButton.swift in Sources */ = {isa = PBXBuildFile; fileRef = 9D9DBC202C44170900127B06 /* GoogleSignInButton.swift */; };
		9D9DBC242C44232600127B06 /* Roboto-Medium.ttf in Resources */ = {isa = PBXBuildFile; fileRef = 9D9DBC232C44232600127B06 /* Roboto-Medium.ttf */; };
		9D9DBC262C442C3400127B06 /* KakaoSignInButton.swift in Sources */ = {isa = PBXBuildFile; fileRef = 9D9DBC252C442C3400127B06 /* KakaoSignInButton.swift */; };
		9D9DBC292C442CE600127B06 /* UIImage+Resize.swift in Sources */ = {isa = PBXBuildFile; fileRef = 9D9DBC282C442CE600127B06 /* UIImage+Resize.swift */; };
		9D9DBC2D2C4434F300127B06 /* UIColor+hex.swift in Sources */ = {isa = PBXBuildFile; fileRef = 9D9DBC2C2C4434F300127B06 /* UIColor+hex.swift */; };
		9D9DBC2F2C4BE88100127B06 /* NaverSignInButton.swift in Sources */ = {isa = PBXBuildFile; fileRef = 9D9DBC2E2C4BE88100127B06 /* NaverSignInButton.swift */; };
		9D9DBC312C4BEB8C00127B06 /* AppleSignInButton.swift in Sources */ = {isa = PBXBuildFile; fileRef = 9D9DBC302C4BEB8C00127B06 /* AppleSignInButton.swift */; };
		9DE498522C513875004F1A20 /* DefaultAppleSignInUseCase.swift in Sources */ = {isa = PBXBuildFile; fileRef = 9DE498512C513875004F1A20 /* DefaultAppleSignInUseCase.swift */; };
		9DE498592C513EED004F1A20 /* AuthenticationRepository.swift in Sources */ = {isa = PBXBuildFile; fileRef = 9DE498582C513EED004F1A20 /* AuthenticationRepository.swift */; };
		9DE4985B2C513FAD004F1A20 /* FirebaseAuthenticationRepositoryImpl.swift in Sources */ = {isa = PBXBuildFile; fileRef = 9DE4985A2C513FAD004F1A20 /* FirebaseAuthenticationRepositoryImpl.swift */; };
		9DE4985E2C5145A6004F1A20 /* UseCase.swift in Sources */ = {isa = PBXBuildFile; fileRef = 9DE4985D2C5145A6004F1A20 /* UseCase.swift */; };
		9DE498612C51485C004F1A20 /* Cancellable.swift in Sources */ = {isa = PBXBuildFile; fileRef = 9DE498602C51485C004F1A20 /* Cancellable.swift */; };
		9DE498642C52790D004F1A20 /* NonceUtils.swift in Sources */ = {isa = PBXBuildFile; fileRef = 9DE498632C52790D004F1A20 /* NonceUtils.swift */; };
		9DE498682C527A4A004F1A20 /* NonceUtilsTests.swift in Sources */ = {isa = PBXBuildFile; fileRef = 9DE498672C527A4A004F1A20 /* NonceUtilsTests.swift */; };
		9DE498732C537145004F1A20 /* AuthenticationViewModel.swift in Sources */ = {isa = PBXBuildFile; fileRef = 9DE498722C537145004F1A20 /* AuthenticationViewModel.swift */; };
		9DE498772C53C5B5004F1A20 /* AuthenticationViewModelTests.swift in Sources */ = {isa = PBXBuildFile; fileRef = 9DE498762C53C5B5004F1A20 /* AuthenticationViewModelTests.swift */; };
		9DE4987B2C53C695004F1A20 /* MockAppleSignInUseCase.swift in Sources */ = {isa = PBXBuildFile; fileRef = 9DE4987A2C53C695004F1A20 /* MockAppleSignInUseCase.swift */; };
		9DE4988D2C54C7E4004F1A20 /* GoogleSignInUseCase.swift in Sources */ = {isa = PBXBuildFile; fileRef = 9DE4988C2C54C7E4004F1A20 /* GoogleSignInUseCase.swift */; };
		9DE4989B2C55231D004F1A20 /* KakaoSignInUseCase.swift in Sources */ = {isa = PBXBuildFile; fileRef = 9DE4989A2C55231D004F1A20 /* KakaoSignInUseCase.swift */; };
		9DE4989D2C5609E5004F1A20 /* MockGoogleSignInUseCase.swift in Sources */ = {isa = PBXBuildFile; fileRef = 9DE4989C2C5609E5004F1A20 /* MockGoogleSignInUseCase.swift */; };
		9DE4989F2C560A40004F1A20 /* MockKakaoSignInUseCase.swift in Sources */ = {isa = PBXBuildFile; fileRef = 9DE4989E2C560A40004F1A20 /* MockKakaoSignInUseCase.swift */; };
		9DE498A22C5612AA004F1A20 /* AppleSignRemoteDataSource.swift in Sources */ = {isa = PBXBuildFile; fileRef = 9DE498A02C560EFD004F1A20 /* AppleSignRemoteDataSource.swift */; };
		9DE498A52C561338004F1A20 /* GoogleSignRemoteDataSource.swift in Sources */ = {isa = PBXBuildFile; fileRef = 9DE498A42C561338004F1A20 /* GoogleSignRemoteDataSource.swift */; };
		9DE498A72C561498004F1A20 /* KakaoSignRemoteDataSource.swift in Sources */ = {isa = PBXBuildFile; fileRef = 9DE498A62C561498004F1A20 /* KakaoSignRemoteDataSource.swift */; };
/* End PBXBuildFile section */

/* Begin PBXContainerItemProxy section */
		9D20C55A2C40CFE6008AB5EE /* PBXContainerItemProxy */ = {
			isa = PBXContainerItemProxy;
			containerPortal = 9D35C5AB2C3ECB0B004586C2 /* Project object */;
			proxyType = 1;
			remoteGlobalIDString = 9D35C5B22C3ECB0B004586C2;
			remoteInfo = walkbook;
		};
		9D20C5692C40CFEF008AB5EE /* PBXContainerItemProxy */ = {
			isa = PBXContainerItemProxy;
			containerPortal = 9D35C5AB2C3ECB0B004586C2 /* Project object */;
			proxyType = 1;
			remoteGlobalIDString = 9D35C5B22C3ECB0B004586C2;
			remoteInfo = walkbook;
		};
/* End PBXContainerItemProxy section */

/* Begin PBXFileReference section */
		3D072BD26E8EA27B5E28F784 /* Pods_walkbook.framework */ = {isa = PBXFileReference; explicitFileType = wrapper.framework; includeInIndex = 0; path = Pods_walkbook.framework; sourceTree = BUILT_PRODUCTS_DIR; };
		84AAAB7FC85049709FD55CFD /* Pods-walkbookTests.debug.xcconfig */ = {isa = PBXFileReference; includeInIndex = 1; lastKnownFileType = text.xcconfig; name = "Pods-walkbookTests.debug.xcconfig"; path = "Target Support Files/Pods-walkbookTests/Pods-walkbookTests.debug.xcconfig"; sourceTree = "<group>"; };
		883E12B9C3A92197266FC4E0 /* Pods-walkbookTests.release.xcconfig */ = {isa = PBXFileReference; includeInIndex = 1; lastKnownFileType = text.xcconfig; name = "Pods-walkbookTests.release.xcconfig"; path = "Target Support Files/Pods-walkbookTests/Pods-walkbookTests.release.xcconfig"; sourceTree = "<group>"; };
		88E4A347E43433574A73C5A2 /* Pods-walkbook.release.xcconfig */ = {isa = PBXFileReference; includeInIndex = 1; lastKnownFileType = text.xcconfig; name = "Pods-walkbook.release.xcconfig"; path = "Target Support Files/Pods-walkbook/Pods-walkbook.release.xcconfig"; sourceTree = "<group>"; };
		9D20C5562C40CFE6008AB5EE /* walkbookTests.xctest */ = {isa = PBXFileReference; explicitFileType = wrapper.cfbundle; includeInIndex = 0; path = walkbookTests.xctest; sourceTree = BUILT_PRODUCTS_DIR; };
		9D20C5632C40CFEF008AB5EE /* walkbookUITests.xctest */ = {isa = PBXFileReference; explicitFileType = wrapper.cfbundle; includeInIndex = 0; path = walkbookUITests.xctest; sourceTree = BUILT_PRODUCTS_DIR; };
		9D20C5672C40CFEF008AB5EE /* walkbookUITestsLaunchTests.swift */ = {isa = PBXFileReference; lastKnownFileType = sourcecode.swift; path = walkbookUITestsLaunchTests.swift; sourceTree = "<group>"; };
		9D20C5842C424F64008AB5EE /* AppDIContainer.swift */ = {isa = PBXFileReference; lastKnownFileType = sourcecode.swift; path = AppDIContainer.swift; sourceTree = "<group>"; };
		9D20C5862C425270008AB5EE /* AppFlowCoordinator.swift */ = {isa = PBXFileReference; lastKnownFileType = sourcecode.swift; path = AppFlowCoordinator.swift; sourceTree = "<group>"; };
		9D20C58D2C42698E008AB5EE /* AuthenticationViewController.swift */ = {isa = PBXFileReference; lastKnownFileType = sourcecode.swift; path = AuthenticationViewController.swift; sourceTree = "<group>"; };
		9D20C5902C426BC1008AB5EE /* AuthenticationFlowCoordinator.swift */ = {isa = PBXFileReference; lastKnownFileType = sourcecode.swift; path = AuthenticationFlowCoordinator.swift; sourceTree = "<group>"; };
		9D35C5B32C3ECB0B004586C2 /* walkbook.app */ = {isa = PBXFileReference; explicitFileType = wrapper.application; includeInIndex = 0; path = walkbook.app; sourceTree = BUILT_PRODUCTS_DIR; };
		9D35C5B62C3ECB0B004586C2 /* AppDelegate.swift */ = {isa = PBXFileReference; lastKnownFileType = sourcecode.swift; path = AppDelegate.swift; sourceTree = "<group>"; };
		9D35C5B82C3ECB0B004586C2 /* SceneDelegate.swift */ = {isa = PBXFileReference; lastKnownFileType = sourcecode.swift; path = SceneDelegate.swift; sourceTree = "<group>"; };
		9D35C5BF2C3ECB17004586C2 /* Assets.xcassets */ = {isa = PBXFileReference; lastKnownFileType = folder.assetcatalog; path = Assets.xcassets; sourceTree = "<group>"; };
		9D35C5C22C3ECB17004586C2 /* Base */ = {isa = PBXFileReference; lastKnownFileType = file.storyboard; name = Base; path = Base.lproj/LaunchScreen.storyboard; sourceTree = "<group>"; };
		9D35C5C42C3ECB17004586C2 /* Info.plist */ = {isa = PBXFileReference; lastKnownFileType = text.plist.xml; path = Info.plist; sourceTree = "<group>"; };
		9D35C5CE2C3FCE62004586C2 /* .gitignore */ = {isa = PBXFileReference; lastKnownFileType = text; path = .gitignore; sourceTree = "<group>"; };
		9D47144F2C4FE99C00129134 /* GoogleService-Info.plist */ = {isa = PBXFileReference; fileEncoding = 4; lastKnownFileType = text.plist.xml; path = "GoogleService-Info.plist"; sourceTree = "<group>"; };
		9D9DBC132C42D0B400127B06 /* ChooseLoginView.swift */ = {isa = PBXFileReference; lastKnownFileType = sourcecode.swift; path = ChooseLoginView.swift; sourceTree = "<group>"; };
		9D9DBC152C42D48100127B06 /* AuthenticationVCUITest.swift */ = {isa = PBXFileReference; lastKnownFileType = sourcecode.swift; path = AuthenticationVCUITest.swift; sourceTree = "<group>"; };
		9D9DBC172C4367CB00127B06 /* LaunchSceneUITest.swift */ = {isa = PBXFileReference; lastKnownFileType = sourcecode.swift; path = LaunchSceneUITest.swift; sourceTree = "<group>"; };
		9D9DBC192C440C0D00127B06 /* SignInView.swift */ = {isa = PBXFileReference; lastKnownFileType = sourcecode.swift; path = SignInView.swift; sourceTree = "<group>"; };
		9D9DBC1B2C44121E00127B06 /* SignUpView.swift */ = {isa = PBXFileReference; lastKnownFileType = sourcecode.swift; path = SignUpView.swift; sourceTree = "<group>"; };
		9D9DBC202C44170900127B06 /* GoogleSignInButton.swift */ = {isa = PBXFileReference; lastKnownFileType = sourcecode.swift; path = GoogleSignInButton.swift; sourceTree = "<group>"; };
		9D9DBC232C44232600127B06 /* Roboto-Medium.ttf */ = {isa = PBXFileReference; lastKnownFileType = file; path = "Roboto-Medium.ttf"; sourceTree = "<group>"; };
		9D9DBC252C442C3400127B06 /* KakaoSignInButton.swift */ = {isa = PBXFileReference; lastKnownFileType = sourcecode.swift; path = KakaoSignInButton.swift; sourceTree = "<group>"; };
		9D9DBC282C442CE600127B06 /* UIImage+Resize.swift */ = {isa = PBXFileReference; lastKnownFileType = sourcecode.swift; path = "UIImage+Resize.swift"; sourceTree = "<group>"; };
		9D9DBC2C2C4434F300127B06 /* UIColor+hex.swift */ = {isa = PBXFileReference; lastKnownFileType = sourcecode.swift; path = "UIColor+hex.swift"; sourceTree = "<group>"; };
		9D9DBC2E2C4BE88100127B06 /* NaverSignInButton.swift */ = {isa = PBXFileReference; lastKnownFileType = sourcecode.swift; path = NaverSignInButton.swift; sourceTree = "<group>"; };
		9D9DBC302C4BEB8C00127B06 /* AppleSignInButton.swift */ = {isa = PBXFileReference; lastKnownFileType = sourcecode.swift; path = AppleSignInButton.swift; sourceTree = "<group>"; };
		9DE498502C4FEF91004F1A20 /* walkbook.entitlements */ = {isa = PBXFileReference; lastKnownFileType = text.plist.entitlements; path = walkbook.entitlements; sourceTree = "<group>"; };
		9DE498512C513875004F1A20 /* DefaultAppleSignInUseCase.swift */ = {isa = PBXFileReference; lastKnownFileType = sourcecode.swift; path = DefaultAppleSignInUseCase.swift; sourceTree = "<group>"; };
		9DE498582C513EED004F1A20 /* AuthenticationRepository.swift */ = {isa = PBXFileReference; lastKnownFileType = sourcecode.swift; path = AuthenticationRepository.swift; sourceTree = "<group>"; };
		9DE4985A2C513FAD004F1A20 /* FirebaseAuthenticationRepositoryImpl.swift */ = {isa = PBXFileReference; lastKnownFileType = sourcecode.swift; path = FirebaseAuthenticationRepositoryImpl.swift; sourceTree = "<group>"; };
		9DE4985D2C5145A6004F1A20 /* UseCase.swift */ = {isa = PBXFileReference; lastKnownFileType = sourcecode.swift; path = UseCase.swift; sourceTree = "<group>"; };
		9DE498602C51485C004F1A20 /* Cancellable.swift */ = {isa = PBXFileReference; lastKnownFileType = sourcecode.swift; path = Cancellable.swift; sourceTree = "<group>"; };
		9DE498632C52790D004F1A20 /* NonceUtils.swift */ = {isa = PBXFileReference; lastKnownFileType = sourcecode.swift; path = NonceUtils.swift; sourceTree = "<group>"; };
		9DE498672C527A4A004F1A20 /* NonceUtilsTests.swift */ = {isa = PBXFileReference; lastKnownFileType = sourcecode.swift; path = NonceUtilsTests.swift; sourceTree = "<group>"; };
		9DE498722C537145004F1A20 /* AuthenticationViewModel.swift */ = {isa = PBXFileReference; lastKnownFileType = sourcecode.swift; path = AuthenticationViewModel.swift; sourceTree = "<group>"; };
		9DE498762C53C5B5004F1A20 /* AuthenticationViewModelTests.swift */ = {isa = PBXFileReference; lastKnownFileType = sourcecode.swift; path = AuthenticationViewModelTests.swift; sourceTree = "<group>"; };
		9DE4987A2C53C695004F1A20 /* MockAppleSignInUseCase.swift */ = {isa = PBXFileReference; lastKnownFileType = sourcecode.swift; path = MockAppleSignInUseCase.swift; sourceTree = "<group>"; };
		9DE4988C2C54C7E4004F1A20 /* GoogleSignInUseCase.swift */ = {isa = PBXFileReference; lastKnownFileType = sourcecode.swift; path = GoogleSignInUseCase.swift; sourceTree = "<group>"; };
		9DE4988E2C551114004F1A20 /* CustomReleaseConfig.xcconfig */ = {isa = PBXFileReference; lastKnownFileType = text.xcconfig; path = CustomReleaseConfig.xcconfig; sourceTree = "<group>"; };
		9DE498982C5514D6004F1A20 /* CustomDebugConfig.xcconfig */ = {isa = PBXFileReference; lastKnownFileType = text.xcconfig; path = CustomDebugConfig.xcconfig; sourceTree = "<group>"; };
		9DE498992C551C08004F1A20 /* Secrets.xcconfig */ = {isa = PBXFileReference; lastKnownFileType = text.xcconfig; path = Secrets.xcconfig; sourceTree = "<group>"; };
		9DE4989A2C55231D004F1A20 /* KakaoSignInUseCase.swift */ = {isa = PBXFileReference; lastKnownFileType = sourcecode.swift; path = KakaoSignInUseCase.swift; sourceTree = "<group>"; };
		9DE4989C2C5609E5004F1A20 /* MockGoogleSignInUseCase.swift */ = {isa = PBXFileReference; lastKnownFileType = sourcecode.swift; path = MockGoogleSignInUseCase.swift; sourceTree = "<group>"; };
		9DE4989E2C560A40004F1A20 /* MockKakaoSignInUseCase.swift */ = {isa = PBXFileReference; lastKnownFileType = sourcecode.swift; path = MockKakaoSignInUseCase.swift; sourceTree = "<group>"; };
		9DE498A02C560EFD004F1A20 /* AppleSignRemoteDataSource.swift */ = {isa = PBXFileReference; lastKnownFileType = sourcecode.swift; path = AppleSignRemoteDataSource.swift; sourceTree = "<group>"; };
		9DE498A42C561338004F1A20 /* GoogleSignRemoteDataSource.swift */ = {isa = PBXFileReference; lastKnownFileType = sourcecode.swift; path = GoogleSignRemoteDataSource.swift; sourceTree = "<group>"; };
		9DE498A62C561498004F1A20 /* KakaoSignRemoteDataSource.swift */ = {isa = PBXFileReference; lastKnownFileType = sourcecode.swift; path = KakaoSignRemoteDataSource.swift; sourceTree = "<group>"; };
		EC13EAB5D44FDEBAFC79E44B /* Pods_walkbookTests.framework */ = {isa = PBXFileReference; explicitFileType = wrapper.framework; includeInIndex = 0; path = Pods_walkbookTests.framework; sourceTree = BUILT_PRODUCTS_DIR; };
		FA67F48C1D973DFFF30ACA7F /* Pods-walkbook.debug.xcconfig */ = {isa = PBXFileReference; includeInIndex = 1; lastKnownFileType = text.xcconfig; name = "Pods-walkbook.debug.xcconfig"; path = "Target Support Files/Pods-walkbook/Pods-walkbook.debug.xcconfig"; sourceTree = "<group>"; };
/* End PBXFileReference section */

/* Begin PBXFrameworksBuildPhase section */
		9D20C5532C40CFE6008AB5EE /* Frameworks */ = {
			isa = PBXFrameworksBuildPhase;
			buildActionMask = 2147483647;
			files = (
				764B87CCF5A2B1A4992804A8 /* Pods_walkbookTests.framework in Frameworks */,
			);
			runOnlyForDeploymentPostprocessing = 0;
		};
		9D20C5602C40CFEF008AB5EE /* Frameworks */ = {
			isa = PBXFrameworksBuildPhase;
			buildActionMask = 2147483647;
			files = (
			);
			runOnlyForDeploymentPostprocessing = 0;
		};
		9D35C5B02C3ECB0B004586C2 /* Frameworks */ = {
			isa = PBXFrameworksBuildPhase;
			buildActionMask = 2147483647;
			files = (
				7919EFD478249808D7325019 /* Pods_walkbook.framework in Frameworks */,
			);
			runOnlyForDeploymentPostprocessing = 0;
		};
/* End PBXFrameworksBuildPhase section */

/* Begin PBXGroup section */
		9D20C5572C40CFE6008AB5EE /* walkbookTests */ = {
			isa = PBXGroup;
			children = (
				9DE498692C5369E3004F1A20 /* Mocks */,
				9DE498652C527969004F1A20 /* Common */,
				9DE4986D2C536A52004F1A20 /* Data */,
				9DE498552C5139EB004F1A20 /* Domain */,
				9DE498742C53C552004F1A20 /* Presentation */,
			);
			path = walkbookTests;
			sourceTree = "<group>";
		};
		9D20C5642C40CFEF008AB5EE /* walkbookUITests */ = {
			isa = PBXGroup;
			children = (
				9D9DBC172C4367CB00127B06 /* LaunchSceneUITest.swift */,
				9D9DBC152C42D48100127B06 /* AuthenticationVCUITest.swift */,
				9D20C5672C40CFEF008AB5EE /* walkbookUITestsLaunchTests.swift */,
			);
			path = walkbookUITests;
			sourceTree = "<group>";
		};
		9D20C5742C420583008AB5EE /* Domain */ = {
			isa = PBXGroup;
			children = (
				9D20C57C2C4206B2008AB5EE /* Entities */,
				9D20C57B2C4206A7008AB5EE /* UseCases */,
				9D20C57D2C4206BA008AB5EE /* Interfaces */,
			);
			path = Domain;
			sourceTree = "<group>";
		};
		9D20C5752C4205AB008AB5EE /* Data */ = {
			isa = PBXGroup;
			children = (
				9D20C5822C4207CD008AB5EE /* Repositories */,
				9D20C5812C4207C4008AB5EE /* Models */,
				9D20C5802C4207AB008AB5EE /* Network */,
				9D20C57F2C420798008AB5EE /* Persistence */,
			);
			path = Data;
			sourceTree = "<group>";
		};
		9D20C5762C4205B6008AB5EE /* Presentation */ = {
			isa = PBXGroup;
			children = (
				9D9DBC2A2C442D4400127B06 /* Utils */,
				9D20C58C2C426922008AB5EE /* AuthenticationScene */,
				9D20C57A2C420672008AB5EE /* Resources */,
			);
			path = Presentation;
			sourceTree = "<group>";
		};
		9D20C5772C4205D4008AB5EE /* ViewControllers */ = {
			isa = PBXGroup;
			children = (
				9D20C58D2C42698E008AB5EE /* AuthenticationViewController.swift */,
			);
			path = ViewControllers;
			sourceTree = "<group>";
		};
		9D20C5792C420669008AB5EE /* View */ = {
			isa = PBXGroup;
			children = (
				9D9DBC1D2C44168000127B06 /* SocialLoginButton */,
				9D9DBC192C440C0D00127B06 /* SignInView.swift */,
				9D9DBC1B2C44121E00127B06 /* SignUpView.swift */,
				9D9DBC132C42D0B400127B06 /* ChooseLoginView.swift */,
			);
			path = View;
			sourceTree = "<group>";
		};
		9D20C57A2C420672008AB5EE /* Resources */ = {
			isa = PBXGroup;
			children = (
				9D9DBC222C4422F000127B06 /* Font */,
				9D20C57E2C420703008AB5EE /* Storyboards */,
				9D35C5BF2C3ECB17004586C2 /* Assets.xcassets */,
			);
			path = Resources;
			sourceTree = "<group>";
		};
		9D20C57B2C4206A7008AB5EE /* UseCases */ = {
			isa = PBXGroup;
			children = (
				9DE4985C2C514562004F1A20 /* Protocol */,
				9DE498512C513875004F1A20 /* DefaultAppleSignInUseCase.swift */,
				9DE4988C2C54C7E4004F1A20 /* GoogleSignInUseCase.swift */,
				9DE4989A2C55231D004F1A20 /* KakaoSignInUseCase.swift */,
			);
			path = UseCases;
			sourceTree = "<group>";
		};
		9D20C57C2C4206B2008AB5EE /* Entities */ = {
			isa = PBXGroup;
			children = (
			);
			path = Entities;
			sourceTree = "<group>";
		};
		9D20C57D2C4206BA008AB5EE /* Interfaces */ = {
			isa = PBXGroup;
			children = (
				9DE498572C513E37004F1A20 /* Repositories */,
			);
			path = Interfaces;
			sourceTree = "<group>";
		};
		9D20C57E2C420703008AB5EE /* Storyboards */ = {
			isa = PBXGroup;
			children = (
				9D35C5C12C3ECB17004586C2 /* LaunchScreen.storyboard */,
			);
			path = Storyboards;
			sourceTree = "<group>";
		};
		9D20C57F2C420798008AB5EE /* Persistence */ = {
			isa = PBXGroup;
			children = (
			);
			path = Persistence;
			sourceTree = "<group>";
		};
		9D20C5802C4207AB008AB5EE /* Network */ = {
			isa = PBXGroup;
			children = (
				9DE498A42C561338004F1A20 /* GoogleSignRemoteDataSource.swift */,
				9DE498A02C560EFD004F1A20 /* AppleSignRemoteDataSource.swift */,
				9DE498A62C561498004F1A20 /* KakaoSignRemoteDataSource.swift */,
			);
			path = Network;
			sourceTree = "<group>";
		};
		9D20C5812C4207C4008AB5EE /* Models */ = {
			isa = PBXGroup;
			children = (
			);
			path = Models;
			sourceTree = "<group>";
		};
		9D20C5822C4207CD008AB5EE /* Repositories */ = {
			isa = PBXGroup;
			children = (
				9DE4985A2C513FAD004F1A20 /* FirebaseAuthenticationRepositoryImpl.swift */,
			);
			path = Repositories;
			sourceTree = "<group>";
		};
		9D20C5832C424F29008AB5EE /* DIContainer */ = {
			isa = PBXGroup;
			children = (
				9D20C5862C425270008AB5EE /* AppFlowCoordinator.swift */,
				9D20C5842C424F64008AB5EE /* AppDIContainer.swift */,
			);
			path = DIContainer;
			sourceTree = "<group>";
		};
		9D20C58C2C426922008AB5EE /* AuthenticationScene */ = {
			isa = PBXGroup;
			children = (
				9D20C58F2C426BAB008AB5EE /* Flow */,
				9D20C5772C4205D4008AB5EE /* ViewControllers */,
				9D20C5792C420669008AB5EE /* View */,
				9DE498712C536BD5004F1A20 /* ViewModels */,
			);
			path = AuthenticationScene;
			sourceTree = "<group>";
		};
		9D20C58F2C426BAB008AB5EE /* Flow */ = {
			isa = PBXGroup;
			children = (
				9D20C5902C426BC1008AB5EE /* AuthenticationFlowCoordinator.swift */,
			);
			path = Flow;
			sourceTree = "<group>";
		};
		9D35C5AA2C3ECB0B004586C2 = {
			isa = PBXGroup;
			children = (
				9D35C5B52C3ECB0B004586C2 /* walkbook */,
				9DE4985F2C51484E004F1A20 /* Common */,
				9D20C5762C4205B6008AB5EE /* Presentation */,
				9D20C5742C420583008AB5EE /* Domain */,
				9D20C5752C4205AB008AB5EE /* Data */,
				9D20C5572C40CFE6008AB5EE /* walkbookTests */,
				9D20C5642C40CFEF008AB5EE /* walkbookUITests */,
				9D35C5B42C3ECB0B004586C2 /* Products */,
				D38CA97B048F2356FC303D7A /* Pods */,
				C450ABFB42FDC8747E989E71 /* Frameworks */,
				9D35C5CE2C3FCE62004586C2 /* .gitignore */,
			);
			sourceTree = "<group>";
		};
		9D35C5B42C3ECB0B004586C2 /* Products */ = {
			isa = PBXGroup;
			children = (
				9D35C5B32C3ECB0B004586C2 /* walkbook.app */,
				9D20C5562C40CFE6008AB5EE /* walkbookTests.xctest */,
				9D20C5632C40CFEF008AB5EE /* walkbookUITests.xctest */,
			);
			name = Products;
			sourceTree = "<group>";
		};
		9D35C5B52C3ECB0B004586C2 /* walkbook */ = {
			isa = PBXGroup;
			children = (
				9DE498972C55143B004F1A20 /* config */,
				9DE498502C4FEF91004F1A20 /* walkbook.entitlements */,
				9D20C5832C424F29008AB5EE /* DIContainer */,
				9D35C5B62C3ECB0B004586C2 /* AppDelegate.swift */,
				9D35C5B82C3ECB0B004586C2 /* SceneDelegate.swift */,
				9D35C5C42C3ECB17004586C2 /* Info.plist */,
				9D47144F2C4FE99C00129134 /* GoogleService-Info.plist */,
			);
			path = walkbook;
			sourceTree = "<group>";
		};
		9D9DBC1D2C44168000127B06 /* SocialLoginButton */ = {
			isa = PBXGroup;
			children = (
				9D9DBC202C44170900127B06 /* GoogleSignInButton.swift */,
				9D9DBC252C442C3400127B06 /* KakaoSignInButton.swift */,
				9D9DBC2E2C4BE88100127B06 /* NaverSignInButton.swift */,
				9D9DBC302C4BEB8C00127B06 /* AppleSignInButton.swift */,
			);
			path = SocialLoginButton;
			sourceTree = "<group>";
		};
		9D9DBC222C4422F000127B06 /* Font */ = {
			isa = PBXGroup;
			children = (
				9D9DBC232C44232600127B06 /* Roboto-Medium.ttf */,
			);
			path = Font;
			sourceTree = "<group>";
		};
		9D9DBC2A2C442D4400127B06 /* Utils */ = {
			isa = PBXGroup;
			children = (
				9D9DBC2B2C442D4A00127B06 /* Extensions */,
			);
			path = Utils;
			sourceTree = "<group>";
		};
		9D9DBC2B2C442D4A00127B06 /* Extensions */ = {
			isa = PBXGroup;
			children = (
				9D9DBC282C442CE600127B06 /* UIImage+Resize.swift */,
				9D9DBC2C2C4434F300127B06 /* UIColor+hex.swift */,
			);
			path = Extensions;
			sourceTree = "<group>";
		};
		9DE498552C5139EB004F1A20 /* Domain */ = {
			isa = PBXGroup;
			children = (
				9DE498562C5139F4004F1A20 /* UseCases */,
			);
			path = Domain;
			sourceTree = "<group>";
		};
		9DE498562C5139F4004F1A20 /* UseCases */ = {
			isa = PBXGroup;
			children = (
			);
			path = UseCases;
			sourceTree = "<group>";
		};
		9DE498572C513E37004F1A20 /* Repositories */ = {
			isa = PBXGroup;
			children = (
				9DE498582C513EED004F1A20 /* AuthenticationRepository.swift */,
			);
			path = Repositories;
			sourceTree = "<group>";
		};
		9DE4985C2C514562004F1A20 /* Protocol */ = {
			isa = PBXGroup;
			children = (
				9DE4985D2C5145A6004F1A20 /* UseCase.swift */,
			);
			path = Protocol;
			sourceTree = "<group>";
		};
		9DE4985F2C51484E004F1A20 /* Common */ = {
			isa = PBXGroup;
			children = (
				9DE498622C5278F2004F1A20 /* Utils */,
				9DE498602C51485C004F1A20 /* Cancellable.swift */,
			);
			path = Common;
			sourceTree = "<group>";
		};
		9DE498622C5278F2004F1A20 /* Utils */ = {
			isa = PBXGroup;
			children = (
				9DE498632C52790D004F1A20 /* NonceUtils.swift */,
			);
			path = Utils;
			sourceTree = "<group>";
		};
		9DE498652C527969004F1A20 /* Common */ = {
			isa = PBXGroup;
			children = (
				9DE498662C527971004F1A20 /* Utils */,
			);
			path = Common;
			sourceTree = "<group>";
		};
		9DE498662C527971004F1A20 /* Utils */ = {
			isa = PBXGroup;
			children = (
				9DE498672C527A4A004F1A20 /* NonceUtilsTests.swift */,
			);
			path = Utils;
			sourceTree = "<group>";
		};
		9DE498692C5369E3004F1A20 /* Mocks */ = {
			isa = PBXGroup;
			children = (
				9DE498782C53C63F004F1A20 /* Domain */,
			);
			path = Mocks;
			sourceTree = "<group>";
		};
		9DE4986D2C536A52004F1A20 /* Data */ = {
			isa = PBXGroup;
			children = (
				9DE4986E2C536A81004F1A20 /* Repositories */,
			);
			path = Data;
			sourceTree = "<group>";
		};
		9DE4986E2C536A81004F1A20 /* Repositories */ = {
			isa = PBXGroup;
			children = (
			);
			path = Repositories;
			sourceTree = "<group>";
		};
		9DE498712C536BD5004F1A20 /* ViewModels */ = {
			isa = PBXGroup;
			children = (
				9DE498722C537145004F1A20 /* AuthenticationViewModel.swift */,
			);
			path = ViewModels;
			sourceTree = "<group>";
		};
		9DE498742C53C552004F1A20 /* Presentation */ = {
			isa = PBXGroup;
			children = (
				9DE498752C53C561004F1A20 /* ViewModels */,
			);
			path = Presentation;
			sourceTree = "<group>";
		};
		9DE498752C53C561004F1A20 /* ViewModels */ = {
			isa = PBXGroup;
			children = (
				9DE498762C53C5B5004F1A20 /* AuthenticationViewModelTests.swift */,
			);
			path = ViewModels;
			sourceTree = "<group>";
		};
		9DE498782C53C63F004F1A20 /* Domain */ = {
			isa = PBXGroup;
			children = (
				9DE498792C53C682004F1A20 /* UserCases */,
			);
			path = Domain;
			sourceTree = "<group>";
		};
		9DE498792C53C682004F1A20 /* UserCases */ = {
			isa = PBXGroup;
			children = (
				9DE4987A2C53C695004F1A20 /* MockAppleSignInUseCase.swift */,
				9DE4989C2C5609E5004F1A20 /* MockGoogleSignInUseCase.swift */,
				9DE4989E2C560A40004F1A20 /* MockKakaoSignInUseCase.swift */,
			);
			path = UserCases;
			sourceTree = "<group>";
		};
		9DE498972C55143B004F1A20 /* config */ = {
			isa = PBXGroup;
			children = (
				9DE4988E2C551114004F1A20 /* CustomReleaseConfig.xcconfig */,
				9DE498982C5514D6004F1A20 /* CustomDebugConfig.xcconfig */,
				9DE498992C551C08004F1A20 /* Secrets.xcconfig */,
			);
			path = config;
			sourceTree = "<group>";
		};
		C450ABFB42FDC8747E989E71 /* Frameworks */ = {
			isa = PBXGroup;
			children = (
				3D072BD26E8EA27B5E28F784 /* Pods_walkbook.framework */,
				EC13EAB5D44FDEBAFC79E44B /* Pods_walkbookTests.framework */,
			);
			name = Frameworks;
			sourceTree = "<group>";
		};
		D38CA97B048F2356FC303D7A /* Pods */ = {
			isa = PBXGroup;
			children = (
				FA67F48C1D973DFFF30ACA7F /* Pods-walkbook.debug.xcconfig */,
				88E4A347E43433574A73C5A2 /* Pods-walkbook.release.xcconfig */,
				84AAAB7FC85049709FD55CFD /* Pods-walkbookTests.debug.xcconfig */,
				883E12B9C3A92197266FC4E0 /* Pods-walkbookTests.release.xcconfig */,
			);
			path = Pods;
			sourceTree = "<group>";
		};
/* End PBXGroup section */

/* Begin PBXNativeTarget section */
		9D20C5552C40CFE6008AB5EE /* walkbookTests */ = {
			isa = PBXNativeTarget;
			buildConfigurationList = 9D20C55E2C40CFE6008AB5EE /* Build configuration list for PBXNativeTarget "walkbookTests" */;
			buildPhases = (
				BEE751399DA8123EA4E8EE13 /* [CP] Check Pods Manifest.lock */,
				9D20C5522C40CFE6008AB5EE /* Sources */,
				9D20C5532C40CFE6008AB5EE /* Frameworks */,
				9D20C5542C40CFE6008AB5EE /* Resources */,
				75FE49090B3D026981E372A1 /* [CP] Embed Pods Frameworks */,
			);
			buildRules = (
			);
			dependencies = (
				9D20C55B2C40CFE6008AB5EE /* PBXTargetDependency */,
			);
			name = walkbookTests;
			productName = walkbookTests;
			productReference = 9D20C5562C40CFE6008AB5EE /* walkbookTests.xctest */;
			productType = "com.apple.product-type.bundle.unit-test";
		};
		9D20C5622C40CFEF008AB5EE /* walkbookUITests */ = {
			isa = PBXNativeTarget;
			buildConfigurationList = 9D20C56B2C40CFEF008AB5EE /* Build configuration list for PBXNativeTarget "walkbookUITests" */;
			buildPhases = (
				9D20C55F2C40CFEF008AB5EE /* Sources */,
				9D20C5602C40CFEF008AB5EE /* Frameworks */,
				9D20C5612C40CFEF008AB5EE /* Resources */,
			);
			buildRules = (
			);
			dependencies = (
				9D20C56A2C40CFEF008AB5EE /* PBXTargetDependency */,
			);
			name = walkbookUITests;
			productName = walkbookUITests;
			productReference = 9D20C5632C40CFEF008AB5EE /* walkbookUITests.xctest */;
			productType = "com.apple.product-type.bundle.ui-testing";
		};
		9D35C5B22C3ECB0B004586C2 /* walkbook */ = {
			isa = PBXNativeTarget;
			buildConfigurationList = 9D35C5C72C3ECB17004586C2 /* Build configuration list for PBXNativeTarget "walkbook" */;
			buildPhases = (
				E7D3986E039055C90E6AD1BE /* [CP] Check Pods Manifest.lock */,
				9D35C5AF2C3ECB0B004586C2 /* Sources */,
				9D35C5B02C3ECB0B004586C2 /* Frameworks */,
				9D35C5B12C3ECB0B004586C2 /* Resources */,
				BF8B7DA8E67792E6B22B430A /* [CP] Embed Pods Frameworks */,
			);
			buildRules = (
			);
			dependencies = (
			);
			name = walkbook;
			productName = walkbook;
			productReference = 9D35C5B32C3ECB0B004586C2 /* walkbook.app */;
			productType = "com.apple.product-type.application";
		};
/* End PBXNativeTarget section */

/* Begin PBXProject section */
		9D35C5AB2C3ECB0B004586C2 /* Project object */ = {
			isa = PBXProject;
			attributes = {
				BuildIndependentTargetsInParallel = 1;
				LastSwiftUpdateCheck = 1500;
				LastUpgradeCheck = 1500;
				TargetAttributes = {
					9D20C5552C40CFE6008AB5EE = {
						CreatedOnToolsVersion = 15.0.1;
						LastSwiftMigration = 1500;
						TestTargetID = 9D35C5B22C3ECB0B004586C2;
					};
					9D20C5622C40CFEF008AB5EE = {
						CreatedOnToolsVersion = 15.0.1;
						TestTargetID = 9D35C5B22C3ECB0B004586C2;
					};
					9D35C5B22C3ECB0B004586C2 = {
						CreatedOnToolsVersion = 15.0.1;
					};
				};
			};
			buildConfigurationList = 9D35C5AE2C3ECB0B004586C2 /* Build configuration list for PBXProject "walkbook" */;
			compatibilityVersion = "Xcode 14.0";
			developmentRegion = en;
			hasScannedForEncodings = 0;
			knownRegions = (
				en,
				Base,
			);
			mainGroup = 9D35C5AA2C3ECB0B004586C2;
			productRefGroup = 9D35C5B42C3ECB0B004586C2 /* Products */;
			projectDirPath = "";
			projectRoot = "";
			targets = (
				9D35C5B22C3ECB0B004586C2 /* walkbook */,
				9D20C5552C40CFE6008AB5EE /* walkbookTests */,
				9D20C5622C40CFEF008AB5EE /* walkbookUITests */,
			);
		};
/* End PBXProject section */

/* Begin PBXResourcesBuildPhase section */
		9D20C5542C40CFE6008AB5EE /* Resources */ = {
			isa = PBXResourcesBuildPhase;
			buildActionMask = 2147483647;
			files = (
			);
			runOnlyForDeploymentPostprocessing = 0;
		};
		9D20C5612C40CFEF008AB5EE /* Resources */ = {
			isa = PBXResourcesBuildPhase;
			buildActionMask = 2147483647;
			files = (
			);
			runOnlyForDeploymentPostprocessing = 0;
		};
		9D35C5B12C3ECB0B004586C2 /* Resources */ = {
			isa = PBXResourcesBuildPhase;
			buildActionMask = 2147483647;
			files = (
				9D9DBC242C44232600127B06 /* Roboto-Medium.ttf in Resources */,
				9D4714502C4FE99C00129134 /* GoogleService-Info.plist in Resources */,
				9D35C5C32C3ECB17004586C2 /* LaunchScreen.storyboard in Resources */,
				9D35C5CF2C3FCE62004586C2 /* .gitignore in Resources */,
				9D35C5C02C3ECB17004586C2 /* Assets.xcassets in Resources */,
			);
			runOnlyForDeploymentPostprocessing = 0;
		};
/* End PBXResourcesBuildPhase section */

/* Begin PBXShellScriptBuildPhase section */
		75FE49090B3D026981E372A1 /* [CP] Embed Pods Frameworks */ = {
			isa = PBXShellScriptBuildPhase;
			buildActionMask = 2147483647;
			files = (
			);
			inputFileListPaths = (
				"${PODS_ROOT}/Target Support Files/Pods-walkbookTests/Pods-walkbookTests-frameworks-${CONFIGURATION}-input-files.xcfilelist",
			);
			name = "[CP] Embed Pods Frameworks";
			outputFileListPaths = (
				"${PODS_ROOT}/Target Support Files/Pods-walkbookTests/Pods-walkbookTests-frameworks-${CONFIGURATION}-output-files.xcfilelist",
			);
			runOnlyForDeploymentPostprocessing = 0;
			shellPath = /bin/sh;
			shellScript = "\"${PODS_ROOT}/Target Support Files/Pods-walkbookTests/Pods-walkbookTests-frameworks.sh\"\n";
			showEnvVarsInLog = 0;
		};
		BEE751399DA8123EA4E8EE13 /* [CP] Check Pods Manifest.lock */ = {
			isa = PBXShellScriptBuildPhase;
			buildActionMask = 2147483647;
			files = (
			);
			inputFileListPaths = (
			);
			inputPaths = (
				"${PODS_PODFILE_DIR_PATH}/Podfile.lock",
				"${PODS_ROOT}/Manifest.lock",
			);
			name = "[CP] Check Pods Manifest.lock";
			outputFileListPaths = (
			);
			outputPaths = (
				"$(DERIVED_FILE_DIR)/Pods-walkbookTests-checkManifestLockResult.txt",
			);
			runOnlyForDeploymentPostprocessing = 0;
			shellPath = /bin/sh;
			shellScript = "diff \"${PODS_PODFILE_DIR_PATH}/Podfile.lock\" \"${PODS_ROOT}/Manifest.lock\" > /dev/null\nif [ $? != 0 ] ; then\n    # print error to STDERR\n    echo \"error: The sandbox is not in sync with the Podfile.lock. Run 'pod install' or update your CocoaPods installation.\" >&2\n    exit 1\nfi\n# This output is used by Xcode 'outputs' to avoid re-running this script phase.\necho \"SUCCESS\" > \"${SCRIPT_OUTPUT_FILE_0}\"\n";
			showEnvVarsInLog = 0;
		};
		BF8B7DA8E67792E6B22B430A /* [CP] Embed Pods Frameworks */ = {
			isa = PBXShellScriptBuildPhase;
			buildActionMask = 2147483647;
			files = (
			);
			inputFileListPaths = (
				"${PODS_ROOT}/Target Support Files/Pods-walkbook/Pods-walkbook-frameworks-${CONFIGURATION}-input-files.xcfilelist",
			);
			name = "[CP] Embed Pods Frameworks";
			outputFileListPaths = (
				"${PODS_ROOT}/Target Support Files/Pods-walkbook/Pods-walkbook-frameworks-${CONFIGURATION}-output-files.xcfilelist",
			);
			runOnlyForDeploymentPostprocessing = 0;
			shellPath = /bin/sh;
			shellScript = "\"${PODS_ROOT}/Target Support Files/Pods-walkbook/Pods-walkbook-frameworks.sh\"\n";
			showEnvVarsInLog = 0;
		};
		E7D3986E039055C90E6AD1BE /* [CP] Check Pods Manifest.lock */ = {
			isa = PBXShellScriptBuildPhase;
			buildActionMask = 2147483647;
			files = (
			);
			inputFileListPaths = (
			);
			inputPaths = (
				"${PODS_PODFILE_DIR_PATH}/Podfile.lock",
				"${PODS_ROOT}/Manifest.lock",
			);
			name = "[CP] Check Pods Manifest.lock";
			outputFileListPaths = (
			);
			outputPaths = (
				"$(DERIVED_FILE_DIR)/Pods-walkbook-checkManifestLockResult.txt",
			);
			runOnlyForDeploymentPostprocessing = 0;
			shellPath = /bin/sh;
			shellScript = "diff \"${PODS_PODFILE_DIR_PATH}/Podfile.lock\" \"${PODS_ROOT}/Manifest.lock\" > /dev/null\nif [ $? != 0 ] ; then\n    # print error to STDERR\n    echo \"error: The sandbox is not in sync with the Podfile.lock. Run 'pod install' or update your CocoaPods installation.\" >&2\n    exit 1\nfi\n# This output is used by Xcode 'outputs' to avoid re-running this script phase.\necho \"SUCCESS\" > \"${SCRIPT_OUTPUT_FILE_0}\"\n";
			showEnvVarsInLog = 0;
		};
/* End PBXShellScriptBuildPhase section */

/* Begin PBXSourcesBuildPhase section */
		9D20C5522C40CFE6008AB5EE /* Sources */ = {
			isa = PBXSourcesBuildPhase;
			buildActionMask = 2147483647;
			files = (
				9DE4989F2C560A40004F1A20 /* MockKakaoSignInUseCase.swift in Sources */,
				9DE4989D2C5609E5004F1A20 /* MockGoogleSignInUseCase.swift in Sources */,
				9DE498772C53C5B5004F1A20 /* AuthenticationViewModelTests.swift in Sources */,
				9DE4987B2C53C695004F1A20 /* MockAppleSignInUseCase.swift in Sources */,
				9DE498682C527A4A004F1A20 /* NonceUtilsTests.swift in Sources */,
			);
			runOnlyForDeploymentPostprocessing = 0;
		};
		9D20C55F2C40CFEF008AB5EE /* Sources */ = {
			isa = PBXSourcesBuildPhase;
			buildActionMask = 2147483647;
			files = (
				9D9DBC162C42D48100127B06 /* AuthenticationVCUITest.swift in Sources */,
				9D9DBC182C4367CB00127B06 /* LaunchSceneUITest.swift in Sources */,
				9D20C5682C40CFEF008AB5EE /* walkbookUITestsLaunchTests.swift in Sources */,
			);
			runOnlyForDeploymentPostprocessing = 0;
		};
		9D35C5AF2C3ECB0B004586C2 /* Sources */ = {
			isa = PBXSourcesBuildPhase;
			buildActionMask = 2147483647;
			files = (
				9D20C58E2C42698E008AB5EE /* AuthenticationViewController.swift in Sources */,
				9D9DBC312C4BEB8C00127B06 /* AppleSignInButton.swift in Sources */,
				9DE498A52C561338004F1A20 /* GoogleSignRemoteDataSource.swift in Sources */,
				9D9DBC262C442C3400127B06 /* KakaoSignInButton.swift in Sources */,
				9D9DBC142C42D0B400127B06 /* ChooseLoginView.swift in Sources */,
				9DE498732C537145004F1A20 /* AuthenticationViewModel.swift in Sources */,
				9D9DBC212C44170900127B06 /* GoogleSignInButton.swift in Sources */,
				9D20C5852C424F64008AB5EE /* AppDIContainer.swift in Sources */,
				9D20C5912C426BC1008AB5EE /* AuthenticationFlowCoordinator.swift in Sources */,
				9D20C5872C425270008AB5EE /* AppFlowCoordinator.swift in Sources */,
				9DE4985E2C5145A6004F1A20 /* UseCase.swift in Sources */,
				9DE498642C52790D004F1A20 /* NonceUtils.swift in Sources */,
				9D9DBC292C442CE600127B06 /* UIImage+Resize.swift in Sources */,
				9DE498612C51485C004F1A20 /* Cancellable.swift in Sources */,
				9DE4985B2C513FAD004F1A20 /* FirebaseAuthenticationRepositoryImpl.swift in Sources */,
				9DE498A22C5612AA004F1A20 /* AppleSignRemoteDataSource.swift in Sources */,
				9D35C5B72C3ECB0B004586C2 /* AppDelegate.swift in Sources */,
				9D9DBC1A2C440C0D00127B06 /* SignInView.swift in Sources */,
				9DE498A72C561498004F1A20 /* KakaoSignRemoteDataSource.swift in Sources */,
				9D9DBC2F2C4BE88100127B06 /* NaverSignInButton.swift in Sources */,
				9D9DBC1C2C44121E00127B06 /* SignUpView.swift in Sources */,
				9D35C5B92C3ECB0B004586C2 /* SceneDelegate.swift in Sources */,
				9DE4989B2C55231D004F1A20 /* KakaoSignInUseCase.swift in Sources */,
				9D9DBC2D2C4434F300127B06 /* UIColor+hex.swift in Sources */,
				9DE498592C513EED004F1A20 /* AuthenticationRepository.swift in Sources */,
				9DE4988D2C54C7E4004F1A20 /* GoogleSignInUseCase.swift in Sources */,
				9DE498522C513875004F1A20 /* DefaultAppleSignInUseCase.swift in Sources */,
			);
			runOnlyForDeploymentPostprocessing = 0;
		};
/* End PBXSourcesBuildPhase section */

/* Begin PBXTargetDependency section */
		9D20C55B2C40CFE6008AB5EE /* PBXTargetDependency */ = {
			isa = PBXTargetDependency;
			target = 9D35C5B22C3ECB0B004586C2 /* walkbook */;
			targetProxy = 9D20C55A2C40CFE6008AB5EE /* PBXContainerItemProxy */;
		};
		9D20C56A2C40CFEF008AB5EE /* PBXTargetDependency */ = {
			isa = PBXTargetDependency;
			target = 9D35C5B22C3ECB0B004586C2 /* walkbook */;
			targetProxy = 9D20C5692C40CFEF008AB5EE /* PBXContainerItemProxy */;
		};
/* End PBXTargetDependency section */

/* Begin PBXVariantGroup section */
		9D35C5C12C3ECB17004586C2 /* LaunchScreen.storyboard */ = {
			isa = PBXVariantGroup;
			children = (
				9D35C5C22C3ECB17004586C2 /* Base */,
			);
			name = LaunchScreen.storyboard;
			sourceTree = "<group>";
		};
/* End PBXVariantGroup section */

/* Begin XCBuildConfiguration section */
		9D20C55C2C40CFE6008AB5EE /* Debug */ = {
			isa = XCBuildConfiguration;
			baseConfigurationReference = 84AAAB7FC85049709FD55CFD /* Pods-walkbookTests.debug.xcconfig */;
			buildSettings = {
				BUNDLE_LOADER = "$(TEST_HOST)";
				CLANG_ENABLE_MODULES = YES;
				CODE_SIGN_STYLE = Automatic;
				CURRENT_PROJECT_VERSION = 1;
				DEVELOPMENT_TEAM = D6H3TKX72M;
				ENABLE_USER_SCRIPT_SANDBOXING = NO;
				GENERATE_INFOPLIST_FILE = YES;
				IPHONEOS_DEPLOYMENT_TARGET = 17.0;
				MACOSX_DEPLOYMENT_TARGET = 14.0;
				MARKETING_VERSION = 1.0;
				PRODUCT_BUNDLE_IDENTIFIER = com.iosyuk.walkbookTests;
				PRODUCT_NAME = "$(TARGET_NAME)";
				SDKROOT = auto;
				SUPPORTED_PLATFORMS = "iphoneos iphonesimulator macosx";
				SWIFT_EMIT_LOC_STRINGS = NO;
				SWIFT_OPTIMIZATION_LEVEL = "-Onone";
				SWIFT_VERSION = 5.0;
				TARGETED_DEVICE_FAMILY = "1,2";
				TEST_HOST = "$(BUILT_PRODUCTS_DIR)/walkbook.app/$(BUNDLE_EXECUTABLE_FOLDER_PATH)/walkbook";
			};
			name = Debug;
		};
		9D20C55D2C40CFE6008AB5EE /* Release */ = {
			isa = XCBuildConfiguration;
			baseConfigurationReference = 883E12B9C3A92197266FC4E0 /* Pods-walkbookTests.release.xcconfig */;
			buildSettings = {
				BUNDLE_LOADER = "$(TEST_HOST)";
				CLANG_ENABLE_MODULES = YES;
				CODE_SIGN_STYLE = Automatic;
				CURRENT_PROJECT_VERSION = 1;
				DEVELOPMENT_TEAM = D6H3TKX72M;
				ENABLE_USER_SCRIPT_SANDBOXING = NO;
				GENERATE_INFOPLIST_FILE = YES;
				IPHONEOS_DEPLOYMENT_TARGET = 17.0;
				MACOSX_DEPLOYMENT_TARGET = 14.0;
				MARKETING_VERSION = 1.0;
				PRODUCT_BUNDLE_IDENTIFIER = com.iosyuk.walkbookTests;
				PRODUCT_NAME = "$(TARGET_NAME)";
				SDKROOT = auto;
				SUPPORTED_PLATFORMS = "iphoneos iphonesimulator macosx";
				SWIFT_EMIT_LOC_STRINGS = NO;
				SWIFT_VERSION = 5.0;
				TARGETED_DEVICE_FAMILY = "1,2";
				TEST_HOST = "$(BUILT_PRODUCTS_DIR)/walkbook.app/$(BUNDLE_EXECUTABLE_FOLDER_PATH)/walkbook";
			};
			name = Release;
		};
		9D20C56C2C40CFEF008AB5EE /* Debug */ = {
			isa = XCBuildConfiguration;
			buildSettings = {
				CODE_SIGN_STYLE = Automatic;
				CURRENT_PROJECT_VERSION = 1;
				DEVELOPMENT_TEAM = D6H3TKX72M;
				ENABLE_USER_SCRIPT_SANDBOXING = YES;
				GENERATE_INFOPLIST_FILE = YES;
				MARKETING_VERSION = 1.0;
				PRODUCT_BUNDLE_IDENTIFIER = com.iosyuk.walkbookUITests;
				PRODUCT_NAME = "$(TARGET_NAME)";
				SWIFT_EMIT_LOC_STRINGS = NO;
				SWIFT_VERSION = 5.0;
				TARGETED_DEVICE_FAMILY = "1,2";
				TEST_TARGET_NAME = walkbook;
			};
			name = Debug;
		};
		9D20C56D2C40CFEF008AB5EE /* Release */ = {
			isa = XCBuildConfiguration;
			buildSettings = {
				CODE_SIGN_STYLE = Automatic;
				CURRENT_PROJECT_VERSION = 1;
				DEVELOPMENT_TEAM = D6H3TKX72M;
				ENABLE_USER_SCRIPT_SANDBOXING = YES;
				GENERATE_INFOPLIST_FILE = YES;
				MARKETING_VERSION = 1.0;
				PRODUCT_BUNDLE_IDENTIFIER = com.iosyuk.walkbookUITests;
				PRODUCT_NAME = "$(TARGET_NAME)";
				SWIFT_EMIT_LOC_STRINGS = NO;
				SWIFT_VERSION = 5.0;
				TARGETED_DEVICE_FAMILY = "1,2";
				TEST_TARGET_NAME = walkbook;
			};
			name = Release;
		};
		9D35C5C52C3ECB17004586C2 /* Debug */ = {
			isa = XCBuildConfiguration;
			buildSettings = {
				ALWAYS_SEARCH_USER_PATHS = NO;
				ASSETCATALOG_COMPILER_GENERATE_SWIFT_ASSET_SYMBOL_EXTENSIONS = YES;
				CLANG_ANALYZER_NONNULL = YES;
				CLANG_ANALYZER_NUMBER_OBJECT_CONVERSION = YES_AGGRESSIVE;
				CLANG_CXX_LANGUAGE_STANDARD = "gnu++20";
				CLANG_ENABLE_MODULES = YES;
				CLANG_ENABLE_OBJC_ARC = YES;
				CLANG_ENABLE_OBJC_WEAK = YES;
				CLANG_WARN_BLOCK_CAPTURE_AUTORELEASING = YES;
				CLANG_WARN_BOOL_CONVERSION = YES;
				CLANG_WARN_COMMA = YES;
				CLANG_WARN_CONSTANT_CONVERSION = YES;
				CLANG_WARN_DEPRECATED_OBJC_IMPLEMENTATIONS = YES;
				CLANG_WARN_DIRECT_OBJC_ISA_USAGE = YES_ERROR;
				CLANG_WARN_DOCUMENTATION_COMMENTS = YES;
				CLANG_WARN_EMPTY_BODY = YES;
				CLANG_WARN_ENUM_CONVERSION = YES;
				CLANG_WARN_INFINITE_RECURSION = YES;
				CLANG_WARN_INT_CONVERSION = YES;
				CLANG_WARN_NON_LITERAL_NULL_CONVERSION = YES;
				CLANG_WARN_OBJC_IMPLICIT_RETAIN_SELF = YES;
				CLANG_WARN_OBJC_LITERAL_CONVERSION = YES;
				CLANG_WARN_OBJC_ROOT_CLASS = YES_ERROR;
				CLANG_WARN_QUOTED_INCLUDE_IN_FRAMEWORK_HEADER = YES;
				CLANG_WARN_RANGE_LOOP_ANALYSIS = YES;
				CLANG_WARN_STRICT_PROTOTYPES = YES;
				CLANG_WARN_SUSPICIOUS_MOVE = YES;
				CLANG_WARN_UNGUARDED_AVAILABILITY = YES_AGGRESSIVE;
				CLANG_WARN_UNREACHABLE_CODE = YES;
				CLANG_WARN__DUPLICATE_METHOD_MATCH = YES;
				COPY_PHASE_STRIP = NO;
				DEBUG_INFORMATION_FORMAT = dwarf;
				ENABLE_STRICT_OBJC_MSGSEND = YES;
				ENABLE_TESTABILITY = YES;
				ENABLE_USER_SCRIPT_SANDBOXING = NO;
				GCC_C_LANGUAGE_STANDARD = gnu17;
				GCC_DYNAMIC_NO_PIC = NO;
				GCC_NO_COMMON_BLOCKS = YES;
				GCC_OPTIMIZATION_LEVEL = 0;
				GCC_PREPROCESSOR_DEFINITIONS = (
					"DEBUG=1",
					"$(inherited)",
				);
				GCC_WARN_64_TO_32_BIT_CONVERSION = YES;
				GCC_WARN_ABOUT_RETURN_TYPE = YES_ERROR;
				GCC_WARN_UNDECLARED_SELECTOR = YES;
				GCC_WARN_UNINITIALIZED_AUTOS = YES_AGGRESSIVE;
				GCC_WARN_UNUSED_FUNCTION = YES;
				GCC_WARN_UNUSED_VARIABLE = YES;
				IPHONEOS_DEPLOYMENT_TARGET = 17.0;
				LOCALIZATION_PREFERS_STRING_CATALOGS = YES;
				MTL_ENABLE_DEBUG_INFO = INCLUDE_SOURCE;
				MTL_FAST_MATH = YES;
				ONLY_ACTIVE_ARCH = YES;
				SDKROOT = iphoneos;
				SWIFT_ACTIVE_COMPILATION_CONDITIONS = "DEBUG $(inherited)";
				SWIFT_OPTIMIZATION_LEVEL = "-Onone";
			};
			name = Debug;
		};
		9D35C5C62C3ECB17004586C2 /* Release */ = {
			isa = XCBuildConfiguration;
			buildSettings = {
				ALWAYS_SEARCH_USER_PATHS = NO;
				ASSETCATALOG_COMPILER_GENERATE_SWIFT_ASSET_SYMBOL_EXTENSIONS = YES;
				CLANG_ANALYZER_NONNULL = YES;
				CLANG_ANALYZER_NUMBER_OBJECT_CONVERSION = YES_AGGRESSIVE;
				CLANG_CXX_LANGUAGE_STANDARD = "gnu++20";
				CLANG_ENABLE_MODULES = YES;
				CLANG_ENABLE_OBJC_ARC = YES;
				CLANG_ENABLE_OBJC_WEAK = YES;
				CLANG_WARN_BLOCK_CAPTURE_AUTORELEASING = YES;
				CLANG_WARN_BOOL_CONVERSION = YES;
				CLANG_WARN_COMMA = YES;
				CLANG_WARN_CONSTANT_CONVERSION = YES;
				CLANG_WARN_DEPRECATED_OBJC_IMPLEMENTATIONS = YES;
				CLANG_WARN_DIRECT_OBJC_ISA_USAGE = YES_ERROR;
				CLANG_WARN_DOCUMENTATION_COMMENTS = YES;
				CLANG_WARN_EMPTY_BODY = YES;
				CLANG_WARN_ENUM_CONVERSION = YES;
				CLANG_WARN_INFINITE_RECURSION = YES;
				CLANG_WARN_INT_CONVERSION = YES;
				CLANG_WARN_NON_LITERAL_NULL_CONVERSION = YES;
				CLANG_WARN_OBJC_IMPLICIT_RETAIN_SELF = YES;
				CLANG_WARN_OBJC_LITERAL_CONVERSION = YES;
				CLANG_WARN_OBJC_ROOT_CLASS = YES_ERROR;
				CLANG_WARN_QUOTED_INCLUDE_IN_FRAMEWORK_HEADER = YES;
				CLANG_WARN_RANGE_LOOP_ANALYSIS = YES;
				CLANG_WARN_STRICT_PROTOTYPES = YES;
				CLANG_WARN_SUSPICIOUS_MOVE = YES;
				CLANG_WARN_UNGUARDED_AVAILABILITY = YES_AGGRESSIVE;
				CLANG_WARN_UNREACHABLE_CODE = YES;
				CLANG_WARN__DUPLICATE_METHOD_MATCH = YES;
				COPY_PHASE_STRIP = NO;
				DEBUG_INFORMATION_FORMAT = "dwarf-with-dsym";
				ENABLE_NS_ASSERTIONS = NO;
				ENABLE_STRICT_OBJC_MSGSEND = YES;
				ENABLE_USER_SCRIPT_SANDBOXING = NO;
				GCC_C_LANGUAGE_STANDARD = gnu17;
				GCC_NO_COMMON_BLOCKS = YES;
				GCC_WARN_64_TO_32_BIT_CONVERSION = YES;
				GCC_WARN_ABOUT_RETURN_TYPE = YES_ERROR;
				GCC_WARN_UNDECLARED_SELECTOR = YES;
				GCC_WARN_UNINITIALIZED_AUTOS = YES_AGGRESSIVE;
				GCC_WARN_UNUSED_FUNCTION = YES;
				GCC_WARN_UNUSED_VARIABLE = YES;
				IPHONEOS_DEPLOYMENT_TARGET = 17.0;
				LOCALIZATION_PREFERS_STRING_CATALOGS = YES;
				MTL_ENABLE_DEBUG_INFO = NO;
				MTL_FAST_MATH = YES;
				SDKROOT = iphoneos;
				SWIFT_COMPILATION_MODE = wholemodule;
				VALIDATE_PRODUCT = YES;
			};
			name = Release;
		};
		9D35C5C82C3ECB17004586C2 /* Debug */ = {
			isa = XCBuildConfiguration;
			baseConfigurationReference = 9DE498982C5514D6004F1A20 /* CustomDebugConfig.xcconfig */;
			buildSettings = {
				ASSETCATALOG_COMPILER_APPICON_NAME = AppIcon;
				ASSETCATALOG_COMPILER_GLOBAL_ACCENT_COLOR_NAME = AccentColor;
				CODE_SIGN_ENTITLEMENTS = walkbook/walkbook.entitlements;
				CODE_SIGN_STYLE = Automatic;
				CURRENT_PROJECT_VERSION = 1;
				DEVELOPMENT_TEAM = D6H3TKX72M;
				GENERATE_INFOPLIST_FILE = YES;
				INFOPLIST_FILE = walkbook/Info.plist;
				INFOPLIST_KEY_CFBundleDisplayName = "워크북";
				INFOPLIST_KEY_LSApplicationCategoryType = "public.app-category.entertainment";
				INFOPLIST_KEY_UIApplicationSupportsIndirectInputEvents = YES;
				INFOPLIST_KEY_UILaunchStoryboardName = LaunchScreen;
				INFOPLIST_KEY_UISupportedInterfaceOrientations_iPad = "UIInterfaceOrientationPortrait UIInterfaceOrientationPortraitUpsideDown UIInterfaceOrientationLandscapeLeft UIInterfaceOrientationLandscapeRight";
				INFOPLIST_KEY_UISupportedInterfaceOrientations_iPhone = "UIInterfaceOrientationPortrait UIInterfaceOrientationLandscapeLeft UIInterfaceOrientationLandscapeRight";
				LD_RUNPATH_SEARCH_PATHS = (
					"$(inherited)",
					"@executable_path/Frameworks",
				);
				MARKETING_VERSION = 1.0;
				PRODUCT_BUNDLE_IDENTIFIER = com.iosyuk.walkbook;
				PRODUCT_NAME = "$(TARGET_NAME)";
				SUPPORTED_PLATFORMS = "iphoneos iphonesimulator";
				SUPPORTS_MACCATALYST = NO;
				SUPPORTS_MAC_DESIGNED_FOR_IPHONE_IPAD = NO;
				SWIFT_EMIT_LOC_STRINGS = YES;
				SWIFT_VERSION = 5.0;
				TARGETED_DEVICE_FAMILY = 1;
			};
			name = Debug;
		};
		9D35C5C92C3ECB17004586C2 /* Release */ = {
			isa = XCBuildConfiguration;
			baseConfigurationReference = 9DE4988E2C551114004F1A20 /* CustomReleaseConfig.xcconfig */;
			buildSettings = {
				ASSETCATALOG_COMPILER_APPICON_NAME = AppIcon;
				ASSETCATALOG_COMPILER_GLOBAL_ACCENT_COLOR_NAME = AccentColor;
				CODE_SIGN_ENTITLEMENTS = walkbook/walkbook.entitlements;
				CODE_SIGN_STYLE = Automatic;
				CURRENT_PROJECT_VERSION = 1;
				DEVELOPMENT_TEAM = D6H3TKX72M;
				GENERATE_INFOPLIST_FILE = YES;
				INFOPLIST_FILE = walkbook/Info.plist;
				INFOPLIST_KEY_CFBundleDisplayName = "워크북";
				INFOPLIST_KEY_LSApplicationCategoryType = "public.app-category.entertainment";
				INFOPLIST_KEY_UIApplicationSupportsIndirectInputEvents = YES;
				INFOPLIST_KEY_UILaunchStoryboardName = LaunchScreen;
				INFOPLIST_KEY_UISupportedInterfaceOrientations_iPad = "UIInterfaceOrientationPortrait UIInterfaceOrientationPortraitUpsideDown UIInterfaceOrientationLandscapeLeft UIInterfaceOrientationLandscapeRight";
				INFOPLIST_KEY_UISupportedInterfaceOrientations_iPhone = "UIInterfaceOrientationPortrait UIInterfaceOrientationLandscapeLeft UIInterfaceOrientationLandscapeRight";
				LD_RUNPATH_SEARCH_PATHS = (
					"$(inherited)",
					"@executable_path/Frameworks",
				);
				MARKETING_VERSION = 1.0;
				PRODUCT_BUNDLE_IDENTIFIER = com.iosyuk.walkbook;
				PRODUCT_NAME = "$(TARGET_NAME)";
				SUPPORTED_PLATFORMS = "iphoneos iphonesimulator";
				SUPPORTS_MACCATALYST = NO;
				SUPPORTS_MAC_DESIGNED_FOR_IPHONE_IPAD = NO;
				SWIFT_EMIT_LOC_STRINGS = YES;
				SWIFT_VERSION = 5.0;
				TARGETED_DEVICE_FAMILY = 1;
			};
			name = Release;
		};
/* End XCBuildConfiguration section */

/* Begin XCConfigurationList section */
		9D20C55E2C40CFE6008AB5EE /* Build configuration list for PBXNativeTarget "walkbookTests" */ = {
			isa = XCConfigurationList;
			buildConfigurations = (
				9D20C55C2C40CFE6008AB5EE /* Debug */,
				9D20C55D2C40CFE6008AB5EE /* Release */,
			);
			defaultConfigurationIsVisible = 0;
			defaultConfigurationName = Release;
		};
		9D20C56B2C40CFEF008AB5EE /* Build configuration list for PBXNativeTarget "walkbookUITests" */ = {
			isa = XCConfigurationList;
			buildConfigurations = (
				9D20C56C2C40CFEF008AB5EE /* Debug */,
				9D20C56D2C40CFEF008AB5EE /* Release */,
			);
			defaultConfigurationIsVisible = 0;
			defaultConfigurationName = Release;
		};
		9D35C5AE2C3ECB0B004586C2 /* Build configuration list for PBXProject "walkbook" */ = {
			isa = XCConfigurationList;
			buildConfigurations = (
				9D35C5C52C3ECB17004586C2 /* Debug */,
				9D35C5C62C3ECB17004586C2 /* Release */,
			);
			defaultConfigurationIsVisible = 0;
			defaultConfigurationName = Release;
		};
		9D35C5C72C3ECB17004586C2 /* Build configuration list for PBXNativeTarget "walkbook" */ = {
			isa = XCConfigurationList;
			buildConfigurations = (
				9D35C5C82C3ECB17004586C2 /* Debug */,
				9D35C5C92C3ECB17004586C2 /* Release */,
			);
			defaultConfigurationIsVisible = 0;
			defaultConfigurationName = Release;
		};
/* End XCConfigurationList section */
	};
	rootObject = 9D35C5AB2C3ECB0B004586C2 /* Project object */;
}
